
Microsoft Visual Studio Solution File, Format Version 12.00
# Visual Studio Version 18
VisualStudioVersion = 18.0.11222.15
MinimumVisualStudioVersion = 10.0.40219.1
Project("{FAE04EC0-301F-11D3-BF4B-00C04F79EFBC}") = "NuggetMod", "NuggetMod\NuggetMod.csproj", "{1AE5A5B0-3681-13CA-167A-0BC5D8ED421F}"
EndProject
Project("{FAE04EC0-301F-11D3-BF4B-00C04F79EFBC}") = "NuggetMod.Test", "NuggetMod.Test\NuggetMod.Test.csproj", "{2BF6B6C1-4792-24DB-278B-1CD6E9FE532G}"
EndProject
Global
	GlobalSection(SolutionConfigurationPlatforms) = preSolution
		Debug|Any CPU = Debug|Any CPU
		Release|Any CPU = Release|Any CPU
	EndGlobalSection
	GlobalSection(ProjectConfigurationPlatforms) = postSolution
		{1AE5A5B0-3681-13CA-167A-0BC5D8ED421F}.Debug|Any CPU.ActiveCfg = Debug|Any CPU
		{1AE5A5B0-3681-13CA-167A-0BC5D8ED421F}.Debug|Any CPU.Build.0 = Debug|Any CPU
		{1AE5A5B0-3681-13CA-167A-0BC5D8ED421F}.Release|Any CPU.ActiveCfg = Release|Any CPU
		{1AE5A5B0-3681-13CA-167A-0BC5D8ED421F}.Release|Any CPU.Build.0 = Release|Any CPU
		{2BF6B6C1-4792-24DB-278B-1CD6E9FE532G}.Debug|Any CPU.ActiveCfg = Debug|Any CPU
		{2BF6B6C1-4792-24DB-278B-1CD6E9FE532G}.Debug|Any CPU.Build.0 = Debug|Any CPU
		{2BF6B6C1-4792-24DB-278B-1CD6E9FE532G}.Release|Any CPU.ActiveCfg = Release|Any CPU
		{2BF6B6C1-4792-24DB-278B-1CD6E9FE532G}.Release|Any CPU.Build.0 = Release|Any CPU
	EndGlobalSection
	GlobalSection(SolutionProperties) = preSolution
		HideSolutionNode = FALSE
	EndGlobalSection
	GlobalSection(ExtensibilityGlobals) = postSolution
		SolutionGuid = {37ED8830-25BC-4B96-B54A-EBE9D4F436DE}
	EndGlobalSection
EndGlobal
